// !$*UTF8*$!
{
	archiveVersion = 1;
	classes = {
	};
	objectVersion = 77;
	objects = {

/* Begin PBXBuildFile section */
		B987DBFB2E080D670064509D /* FirebaseAnalytics in Frameworks */ = {isa = PBXBuildFile; productRef = B987DBFA2E080D670064509D /* FirebaseAnalytics */; };
		B988CD472E52E8D100A3055E /* GoogleService-Info.plist in Resources */ = {isa = PBXBuildFile; fileRef = B988CD462E52E8D100A3055E /* GoogleService-Info.plist */; };
		B99826BD2E092E8B002A64AA /* FirebaseAuth in Frameworks */ = {isa = PBXBuildFile; productRef = B99826BC2E092E8B002A64AA /* FirebaseAuth */; };
		B99826C32E092F6A002A64AA /* ContentView.swift in Sources */ = {isa = PBXBuildFile; fileRef = B99826BF2E092F6A002A64AA /* ContentView.swift */; };
		B99826C42E092F6A002A64AA /* FirebaseLearnNickSarnoTutorialApp.swift in Sources */ = {isa = PBXBuildFile; fileRef = B99826C02E092F6A002A64AA /* FirebaseLearnNickSarnoTutorialApp.swift */; };
		B99826C52E092F6A002A64AA /* Assets.xcassets in Resources */ = {isa = PBXBuildFile; fileRef = B99826BE2E092F6A002A64AA /* Assets.xcassets */; };
		B99826C92E092F85002A64AA /* AuthenticationView.swift in Sources */ = {isa = PBXBuildFile; fileRef = B99826C82E092F83002A64AA /* AuthenticationView.swift */; };
		B99826CB2E093016002A64AA /* SignInEmailView.swift in Sources */ = {isa = PBXBuildFile; fileRef = B99826CA2E093009002A64AA /* SignInEmailView.swift */; };
		B99826CD2E093190002A64AA /* AuthenticationManager.swift in Sources */ = {isa = PBXBuildFile; fileRef = B99826CC2E093183002A64AA /* AuthenticationManager.swift */; };
		B99826CF2E0939A3002A64AA /* RootView.swift in Sources */ = {isa = PBXBuildFile; fileRef = B99826CE2E0939A0002A64AA /* RootView.swift */; };
		B99826D12E09470F002A64AA /* SettingsView.swift in Sources */ = {isa = PBXBuildFile; fileRef = B99826D02E09470B002A64AA /* SettingsView.swift */; };
		B9B3962E2E0AB4E600083777 /* GoogleSignIn in Frameworks */ = {isa = PBXBuildFile; productRef = B9B3962D2E0AB4E600083777 /* GoogleSignIn */; };
		B9B396302E0AB4E600083777 /* GoogleSignInSwift in Frameworks */ = {isa = PBXBuildFile; productRef = B9B3962F2E0AB4E600083777 /* GoogleSignInSwift */; };
		B9B396342E0ABF4400083777 /* Utilities.swift in Sources */ = {isa = PBXBuildFile; fileRef = B9B396332E0ABF3900083777 /* Utilities.swift */; };
		B9B396362E0B171E00083777 /* SignInGoogleHelper.swift in Sources */ = {isa = PBXBuildFile; fileRef = B9B396352E0B171600083777 /* SignInGoogleHelper.swift */; };
/* End PBXBuildFile section */

/* Begin PBXFileReference section */
		B987DBE92E0807DC0064509D /* FirebaseLearnNickSarnoTutorial.app */ = {isa = PBXFileReference; explicitFileType = wrapper.application; includeInIndex = 0; path = FirebaseLearnNickSarnoTutorial.app; sourceTree = BUILT_PRODUCTS_DIR; };
		B988CD462E52E8D100A3055E /* GoogleService-Info.plist */ = {isa = PBXFileReference; lastKnownFileType = text.plist.xml; path = "GoogleService-Info.plist"; sourceTree = "<group>"; };
		B99826BE2E092F6A002A64AA /* Assets.xcassets */ = {isa = PBXFileReference; lastKnownFileType = folder.assetcatalog; path = Assets.xcassets; sourceTree = "<group>"; };
		B99826BF2E092F6A002A64AA /* ContentView.swift */ = {isa = PBXFileReference; lastKnownFileType = sourcecode.swift; path = ContentView.swift; sourceTree = "<group>"; };
		B99826C02E092F6A002A64AA /* FirebaseLearnNickSarnoTutorialApp.swift */ = {isa = PBXFileReference; lastKnownFileType = sourcecode.swift; path = FirebaseLearnNickSarnoTutorialApp.swift; sourceTree = "<group>"; };
		B99826C82E092F83002A64AA /* AuthenticationView.swift */ = {isa = PBXFileReference; lastKnownFileType = sourcecode.swift; path = AuthenticationView.swift; sourceTree = "<group>"; };
		B99826CA2E093009002A64AA /* SignInEmailView.swift */ = {isa = PBXFileReference; lastKnownFileType = sourcecode.swift; path = SignInEmailView.swift; sourceTree = "<group>"; };
		B99826CC2E093183002A64AA /* AuthenticationManager.swift */ = {isa = PBXFileReference; lastKnownFileType = sourcecode.swift; path = AuthenticationManager.swift; sourceTree = "<group>"; };
		B99826CE2E0939A0002A64AA /* RootView.swift */ = {isa = PBXFileReference; lastKnownFileType = sourcecode.swift; path = RootView.swift; sourceTree = "<group>"; };
		B99826D02E09470B002A64AA /* SettingsView.swift */ = {isa = PBXFileReference; lastKnownFileType = sourcecode.swift; path = SettingsView.swift; sourceTree = "<group>"; };
		B9B396312E0AB5A400083777 /* Info.plist */ = {isa = PBXFileReference; lastKnownFileType = text.plist; path = Info.plist; sourceTree = "<group>"; };
		B9B396332E0ABF3900083777 /* Utilities.swift */ = {isa = PBXFileReference; lastKnownFileType = sourcecode.swift; path = Utilities.swift; sourceTree = "<group>"; };
		B9B396352E0B171600083777 /* SignInGoogleHelper.swift */ = {isa = PBXFileReference; lastKnownFileType = sourcecode.swift; path = SignInGoogleHelper.swift; sourceTree = "<group>"; };
/* End PBXFileReference section */

/* Begin PBXFrameworksBuildPhase section */
		B987DBE62E0807DC0064509D /* Frameworks */ = {
			isa = PBXFrameworksBuildPhase;
			buildActionMask = 2147483647;
			files = (
				B987DBFB2E080D670064509D /* FirebaseAnalytics in Frameworks */,
				B99826BD2E092E8B002A64AA /* FirebaseAuth in Frameworks */,
				B9B3962E2E0AB4E600083777 /* GoogleSignIn in Frameworks */,
				B9B396302E0AB4E600083777 /* GoogleSignInSwift in Frameworks */,
			);
			runOnlyForDeploymentPostprocessing = 0;
		};
/* End PBXFrameworksBuildPhase section */

/* Begin PBXGroup section */
		B987DBE02E0807DB0064509D = {
			isa = PBXGroup;
			children = (
				B99826C22E092F6A002A64AA /* FirebaseLearnNickSarnoTutorial */,
				B987DBEA2E0807DC0064509D /* Products */,
			);
			sourceTree = "<group>";
		};
		B987DBEA2E0807DC0064509D /* Products */ = {
			isa = PBXGroup;
			children = (
				B987DBE92E0807DC0064509D /* FirebaseLearnNickSarnoTutorial.app */,
			);
			name = Products;
			sourceTree = "<group>";
		};
		B99826C22E092F6A002A64AA /* FirebaseLearnNickSarnoTutorial */ = {
			isa = PBXGroup;
			children = (
				B9B396322E0ABF2F00083777 /* Utilities */,
				B9B396312E0AB5A400083777 /* Info.plist */,
				B99826C72E092F6D002A64AA /* Authentication */,
				B99826BE2E092F6A002A64AA /* Assets.xcassets */,
				B99826BF2E092F6A002A64AA /* ContentView.swift */,
				B99826C02E092F6A002A64AA /* FirebaseLearnNickSarnoTutorialApp.swift */,
				B988CD462E52E8D100A3055E /* GoogleService-Info.plist */,
			);
			path = FirebaseLearnNickSarnoTutorial;
			sourceTree = "<group>";
		};
		B99826C72E092F6D002A64AA /* Authentication */ = {
			isa = PBXGroup;
			children = (
				B9B396352E0B171600083777 /* SignInGoogleHelper.swift */,
				B99826D02E09470B002A64AA /* SettingsView.swift */,
				B99826CE2E0939A0002A64AA /* RootView.swift */,
				B99826CC2E093183002A64AA /* AuthenticationManager.swift */,
				B99826CA2E093009002A64AA /* SignInEmailView.swift */,
				B99826C82E092F83002A64AA /* AuthenticationView.swift */,
			);
			path = Authentication;
			sourceTree = "<group>";
		};
		B9B396322E0ABF2F00083777 /* Utilities */ = {
			isa = PBXGroup;
			children = (
				B9B396332E0ABF3900083777 /* Utilities.swift */,
			);
			path = Utilities;
			sourceTree = "<group>";
		};
/* End PBXGroup section */

/* Begin PBXNativeTarget section */
		B987DBE82E0807DC0064509D /* FirebaseLearnNickSarnoTutorial */ = {
			isa = PBXNativeTarget;
			buildConfigurationList = B987DBF42E0807DD0064509D /* Build configuration list for PBXNativeTarget "FirebaseLearnNickSarnoTutorial" */;
			buildPhases = (
				B987DBE52E0807DC0064509D /* Sources */,
				B987DBE62E0807DC0064509D /* Frameworks */,
				B987DBE72E0807DC0064509D /* Resources */,
			);
			buildRules = (
			);
			dependencies = (
			);
			name = FirebaseLearnNickSarnoTutorial;
			packageProductDependencies = (
				B987DBFA2E080D670064509D /* FirebaseAnalytics */,
				B99826BC2E092E8B002A64AA /* FirebaseAuth */,
				B9B3962D2E0AB4E600083777 /* GoogleSignIn */,
				B9B3962F2E0AB4E600083777 /* GoogleSignInSwift */,
			);
			productName = FirebaseLearnNickSarnoTutorial;
			productReference = B987DBE92E0807DC0064509D /* FirebaseLearnNickSarnoTutorial.app */;
			productType = "com.apple.product-type.application";
		};
/* End PBXNativeTarget section */

/* Begin PBXProject section */
		B987DBE12E0807DB0064509D /* Project object */ = {
			isa = PBXProject;
			attributes = {
				BuildIndependentTargetsInParallel = 1;
				LastSwiftUpdateCheck = 1630;
				LastUpgradeCheck = 1630;
				TargetAttributes = {
					B987DBE82E0807DC0064509D = {
						CreatedOnToolsVersion = 16.3;
					};
				};
			};
			buildConfigurationList = B987DBE42E0807DB0064509D /* Build configuration list for PBXProject "FirebaseLearnNickSarnoTutorial" */;
			developmentRegion = en;
			hasScannedForEncodings = 0;
			knownRegions = (
				en,
				Base,
			);
			mainGroup = B987DBE02E0807DB0064509D;
			minimizedProjectReferenceProxies = 1;
			packageReferences = (
				B987DBF92E080D670064509D /* XCRemoteSwiftPackageReference "firebase-ios-sdk" */,
				B9B3962C2E0AB4E600083777 /* XCRemoteSwiftPackageReference "GoogleSignIn-iOS" */,
			);
			preferredProjectObjectVersion = 77;
			productRefGroup = B987DBEA2E0807DC0064509D /* Products */;
			projectDirPath = "";
			projectRoot = "";
			targets = (
				B987DBE82E0807DC0064509D /* FirebaseLearnNickSarnoTutorial */,
			);
		};
/* End PBXProject section */

/* Begin PBXResourcesBuildPhase section */
		B987DBE72E0807DC0064509D /* Resources */ = {
			isa = PBXResourcesBuildPhase;
			buildActionMask = 2147483647;
			files = (
				B99826C52E092F6A002A64AA /* Assets.xcassets in Resources */,
				B988CD472E52E8D100A3055E /* GoogleService-Info.plist in Resources */,
			);
			runOnlyForDeploymentPostprocessing = 0;
		};
/* End PBXResourcesBuildPhase section */

/* Begin PBXSourcesBuildPhase section */
		B987DBE52E0807DC0064509D /* Sources */ = {
			isa = PBXSourcesBuildPhase;
			buildActionMask = 2147483647;
			files = (
				B99826D12E09470F002A64AA /* SettingsView.swift in Sources */,
				B99826C32E092F6A002A64AA /* ContentView.swift in Sources */,
				B99826C42E092F6A002A64AA /* FirebaseLearnNickSarnoTutorialApp.swift in Sources */,
				B99826CF2E0939A3002A64AA /* RootView.swift in Sources */,
				B9B396362E0B171E00083777 /* SignInGoogleHelper.swift in Sources */,
				B99826C92E092F85002A64AA /* AuthenticationView.swift in Sources */,
				B99826CD2E093190002A64AA /* AuthenticationManager.swift in Sources */,
				B9B396342E0ABF4400083777 /* Utilities.swift in Sources */,
				B99826CB2E093016002A64AA /* SignInEmailView.swift in Sources */,
			);
			runOnlyForDeploymentPostprocessing = 0;
		};
/* End PBXSourcesBuildPhase section */

/* Begin XCBuildConfiguration section */
		B987DBF22E0807DD0064509D /* Debug */ = {
			isa = XCBuildConfiguration;
			buildSettings = {
				ALWAYS_SEARCH_USER_PATHS = NO;
				ASSETCATALOG_COMPILER_GENERATE_SWIFT_ASSET_SYMBOL_EXTENSIONS = YES;
				CLANG_ANALYZER_NONNULL = YES;
				CLANG_ANALYZER_NUMBER_OBJECT_CONVERSION = YES_AGGRESSIVE;
				CLANG_CXX_LANGUAGE_STANDARD = "gnu++20";
				CLANG_ENABLE_MODULES = YES;
				CLANG_ENABLE_OBJC_ARC = YES;
				CLANG_ENABLE_OBJC_WEAK = YES;
				CLANG_WARN_BLOCK_CAPTURE_AUTORELEASING = YES;
				CLANG_WARN_BOOL_CONVERSION = YES;
				CLANG_WARN_COMMA = YES;
				CLANG_WARN_CONSTANT_CONVERSION = YES;
				CLANG_WARN_DEPRECATED_OBJC_IMPLEMENTATIONS = YES;
				CLANG_WARN_DIRECT_OBJC_ISA_USAGE = YES_ERROR;
				CLANG_WARN_DOCUMENTATION_COMMENTS = YES;
				CLANG_WARN_EMPTY_BODY = YES;
				CLANG_WARN_ENUM_CONVERSION = YES;
				CLANG_WARN_INFINITE_RECURSION = YES;
				CLANG_WARN_INT_CONVERSION = YES;
				CLANG_WARN_NON_LITERAL_NULL_CONVERSION = YES;
				CLANG_WARN_OBJC_IMPLICIT_RETAIN_SELF = YES;
				CLANG_WARN_OBJC_LITERAL_CONVERSION = YES;
				CLANG_WARN_OBJC_ROOT_CLASS = YES_ERROR;
				CLANG_WARN_QUOTED_INCLUDE_IN_FRAMEWORK_HEADER = YES;
				CLANG_WARN_RANGE_LOOP_ANALYSIS = YES;
				CLANG_WARN_STRICT_PROTOTYPES = YES;
				CLANG_WARN_SUSPICIOUS_MOVE = YES;
				CLANG_WARN_UNGUARDED_AVAILABILITY = YES_AGGRESSIVE;
				CLANG_WARN_UNREACHABLE_CODE = YES;
				CLANG_WARN__DUPLICATE_METHOD_MATCH = YES;
				COPY_PHASE_STRIP = NO;
				DEBUG_INFORMATION_FORMAT = dwarf;
				DEVELOPMENT_TEAM = LGDK2TXW59;
				ENABLE_STRICT_OBJC_MSGSEND = YES;
				ENABLE_TESTABILITY = YES;
				ENABLE_USER_SCRIPT_SANDBOXING = YES;
				GCC_C_LANGUAGE_STANDARD = gnu17;
				GCC_DYNAMIC_NO_PIC = NO;
				GCC_NO_COMMON_BLOCKS = YES;
				GCC_OPTIMIZATION_LEVEL = 0;
				GCC_PREPROCESSOR_DEFINITIONS = (
					"DEBUG=1",
					"$(inherited)",
				);
				GCC_WARN_64_TO_32_BIT_CONVERSION = YES;
				GCC_WARN_ABOUT_RETURN_TYPE = YES_ERROR;
				GCC_WARN_UNDECLARED_SELECTOR = YES;
				GCC_WARN_UNINITIALIZED_AUTOS = YES_AGGRESSIVE;
				GCC_WARN_UNUSED_FUNCTION = YES;
				GCC_WARN_UNUSED_VARIABLE = YES;
				IPHONEOS_DEPLOYMENT_TARGET = 18.4;
				LOCALIZATION_PREFERS_STRING_CATALOGS = YES;
				MTL_ENABLE_DEBUG_INFO = INCLUDE_SOURCE;
				MTL_FAST_MATH = YES;
				ONLY_ACTIVE_ARCH = YES;
				SDKROOT = iphoneos;
				SWIFT_ACTIVE_COMPILATION_CONDITIONS = "DEBUG $(inherited)";
				SWIFT_OPTIMIZATION_LEVEL = "-Onone";
			};
			name = Debug;
		};
		B987DBF32E0807DD0064509D /* Release */ = {
			isa = XCBuildConfiguration;
			buildSettings = {
				ALWAYS_SEARCH_USER_PATHS = NO;
				ASSETCATALOG_COMPILER_GENERATE_SWIFT_ASSET_SYMBOL_EXTENSIONS = YES;
				CLANG_ANALYZER_NONNULL = YES;
				CLANG_ANALYZER_NUMBER_OBJECT_CONVERSION = YES_AGGRESSIVE;
				CLANG_CXX_LANGUAGE_STANDARD = "gnu++20";
				CLANG_ENABLE_MODULES = YES;
				CLANG_ENABLE_OBJC_ARC = YES;
				CLANG_ENABLE_OBJC_WEAK = YES;
				CLANG_WARN_BLOCK_CAPTURE_AUTORELEASING = YES;
				CLANG_WARN_BOOL_CONVERSION = YES;
				CLANG_WARN_COMMA = YES;
				CLANG_WARN_CONSTANT_CONVERSION = YES;
				CLANG_WARN_DEPRECATED_OBJC_IMPLEMENTATIONS = YES;
				CLANG_WARN_DIRECT_OBJC_ISA_USAGE = YES_ERROR;
				CLANG_WARN_DOCUMENTATION_COMMENTS = YES;
				CLANG_WARN_EMPTY_BODY = YES;
				CLANG_WARN_ENUM_CONVERSION = YES;
				CLANG_WARN_INFINITE_RECURSION = YES;
				CLANG_WARN_INT_CONVERSION = YES;
				CLANG_WARN_NON_LITERAL_NULL_CONVERSION = YES;
				CLANG_WARN_OBJC_IMPLICIT_RETAIN_SELF = YES;
				CLANG_WARN_OBJC_LITERAL_CONVERSION = YES;
				CLANG_WARN_OBJC_ROOT_CLASS = YES_ERROR;
				CLANG_WARN_QUOTED_INCLUDE_IN_FRAMEWORK_HEADER = YES;
				CLANG_WARN_RANGE_LOOP_ANALYSIS = YES;
				CLANG_WARN_STRICT_PROTOTYPES = YES;
				CLANG_WARN_SUSPICIOUS_MOVE = YES;
				CLANG_WARN_UNGUARDED_AVAILABILITY = YES_AGGRESSIVE;
				CLANG_WARN_UNREACHABLE_CODE = YES;
				CLANG_WARN__DUPLICATE_METHOD_MATCH = YES;
				COPY_PHASE_STRIP = NO;
				DEBUG_INFORMATION_FORMAT = "dwarf-with-dsym";
				DEVELOPMENT_TEAM = LGDK2TXW59;
				ENABLE_NS_ASSERTIONS = NO;
				ENABLE_STRICT_OBJC_MSGSEND = YES;
				ENABLE_USER_SCRIPT_SANDBOXING = YES;
				GCC_C_LANGUAGE_STANDARD = gnu17;
				GCC_NO_COMMON_BLOCKS = YES;
				GCC_WARN_64_TO_32_BIT_CONVERSION = YES;
				GCC_WARN_ABOUT_RETURN_TYPE = YES_ERROR;
				GCC_WARN_UNDECLARED_SELECTOR = YES;
				GCC_WARN_UNINITIALIZED_AUTOS = YES_AGGRESSIVE;
				GCC_WARN_UNUSED_FUNCTION = YES;
				GCC_WARN_UNUSED_VARIABLE = YES;
				IPHONEOS_DEPLOYMENT_TARGET = 18.4;
				LOCALIZATION_PREFERS_STRING_CATALOGS = YES;
				MTL_ENABLE_DEBUG_INFO = NO;
				MTL_FAST_MATH = YES;
				SDKROOT = iphoneos;
				SWIFT_COMPILATION_MODE = wholemodule;
				VALIDATE_PRODUCT = YES;
			};
			name = Release;
		};
		B987DBF52E0807DD0064509D /* Debug */ = {
			isa = XCBuildConfiguration;
			buildSettings = {
				ASSETCATALOG_COMPILER_APPICON_NAME = AppIcon;
				ASSETCATALOG_COMPILER_GLOBAL_ACCENT_COLOR_NAME = AccentColor;
				CODE_SIGN_STYLE = Automatic;
				CURRENT_PROJECT_VERSION = 1;
				DEVELOPMENT_TEAM = QA9SSNLZN6;
				ENABLE_PREVIEWS = YES;
				GENERATE_INFOPLIST_FILE = YES;
				INFOPLIST_FILE = FirebaseLearnNickSarnoTutorial/Info.plist;
				INFOPLIST_KEY_UIApplicationSceneManifest_Generation = YES;
				INFOPLIST_KEY_UIApplicationSupportsIndirectInputEvents = YES;
				INFOPLIST_KEY_UILaunchScreen_Generation = YES;
				INFOPLIST_KEY_UISupportedInterfaceOrientations_iPad = "UIInterfaceOrientationPortrait UIInterfaceOrientationPortraitUpsideDown UIInterfaceOrientationLandscapeLeft UIInterfaceOrientationLandscapeRight";
				INFOPLIST_KEY_UISupportedInterfaceOrientations_iPhone = "UIInterfaceOrientationPortrait UIInterfaceOrientationLandscapeLeft UIInterfaceOrientationLandscapeRight";
				LD_RUNPATH_SEARCH_PATHS = (
					"$(inherited)",
					"@executable_path/Frameworks",
				);
				MARKETING_VERSION = 1.0;
				PRODUCT_BUNDLE_IDENTIFIER = com.dostanturlybek.FirebaseLearnNickSarnoTutorialPRO;
				PRODUCT_NAME = "$(TARGET_NAME)";
				SWIFT_EMIT_LOC_STRINGS = YES;
				SWIFT_VERSION = 5.0;
				TARGETED_DEVICE_FAMILY = "1,2";
			};
			name = Debug;
		};
		B987DBF62E0807DD0064509D /* Release */ = {
			isa = XCBuildConfiguration;
			buildSettings = {
				ASSETCATALOG_COMPILER_APPICON_NAME = AppIcon;
				ASSETCATALOG_COMPILER_GLOBAL_ACCENT_COLOR_NAME = AccentColor;
				CODE_SIGN_STYLE = Automatic;
				CURRENT_PROJECT_VERSION = 1;
				DEVELOPMENT_TEAM = QA9SSNLZN6;
				ENABLE_PREVIEWS = YES;
				GENERATE_INFOPLIST_FILE = YES;
				INFOPLIST_FILE = FirebaseLearnNickSarnoTutorial/Info.plist;
				INFOPLIST_KEY_UIApplicationSceneManifest_Generation = YES;
				INFOPLIST_KEY_UIApplicationSupportsIndirectInputEvents = YES;
				INFOPLIST_KEY_UILaunchScreen_Generation = YES;
				INFOPLIST_KEY_UISupportedInterfaceOrientations_iPad = "UIInterfaceOrientationPortrait UIInterfaceOrientationPortraitUpsideDown UIInterfaceOrientationLandscapeLeft UIInterfaceOrientationLandscapeRight";
				INFOPLIST_KEY_UISupportedInterfaceOrientations_iPhone = "UIInterfaceOrientationPortrait UIInterfaceOrientationLandscapeLeft UIInterfaceOrientationLandscapeRight";
				LD_RUNPATH_SEARCH_PATHS = (
					"$(inherited)",
					"@executable_path/Frameworks",
				);
				MARKETING_VERSION = 1.0;
				PRODUCT_BUNDLE_IDENTIFIER = com.dostanturlybek.FirebaseLearnNickSarnoTutorialPRO;
				PRODUCT_NAME = "$(TARGET_NAME)";
				SWIFT_EMIT_LOC_STRINGS = YES;
				SWIFT_VERSION = 5.0;
				TARGETED_DEVICE_FAMILY = "1,2";
			};
			name = Release;
		};
/* End XCBuildConfiguration section */

/* Begin XCConfigurationList section */
		B987DBE42E0807DB0064509D /* Build configuration list for PBXProject "FirebaseLearnNickSarnoTutorial" */ = {
			isa = XCConfigurationList;
			buildConfigurations = (
				B987DBF22E0807DD0064509D /* Debug */,
				B987DBF32E0807DD0064509D /* Release */,
			);
			defaultConfigurationIsVisible = 0;
			defaultConfigurationName = Release;
		};
		B987DBF42E0807DD0064509D /* Build configuration list for PBXNativeTarget "FirebaseLearnNickSarnoTutorial" */ = {
			isa = XCConfigurationList;
			buildConfigurations = (
				B987DBF52E0807DD0064509D /* Debug */,
				B987DBF62E0807DD0064509D /* Release */,
			);
			defaultConfigurationIsVisible = 0;
			defaultConfigurationName = Release;
		};
/* End XCConfigurationList section */

/* Begin XCRemoteSwiftPackageReference section */
		B987DBF92E080D670064509D /* XCRemoteSwiftPackageReference "firebase-ios-sdk" */ = {
			isa = XCRemoteSwiftPackageReference;
			repositoryURL = "https://github.com/firebase/firebase-ios-sdk";
			requirement = {
				kind = upToNextMajorVersion;
				minimumVersion = 11.14.0;
			};
		};
		B9B3962C2E0AB4E600083777 /* XCRemoteSwiftPackageReference "GoogleSignIn-iOS" */ = {
			isa = XCRemoteSwiftPackageReference;
			repositoryURL = "https://github.com/google/GoogleSignIn-iOS.git";
			requirement = {
				kind = upToNextMajorVersion;
				minimumVersion = 8.0.0;
			};
		};
/* End XCRemoteSwiftPackageReference section */

/* Begin XCSwiftPackageProductDependency section */
		B987DBFA2E080D670064509D /* FirebaseAnalytics */ = {
			isa = XCSwiftPackageProductDependency;
			package = B987DBF92E080D670064509D /* XCRemoteSwiftPackageReference "firebase-ios-sdk" */;
			productName = FirebaseAnalytics;
		};
		B99826BC2E092E8B002A64AA /* FirebaseAuth */ = {
			isa = XCSwiftPackageProductDependency;
			package = B987DBF92E080D670064509D /* XCRemoteSwiftPackageReference "firebase-ios-sdk" */;
			productName = FirebaseAuth;
		};
		B9B3962D2E0AB4E600083777 /* GoogleSignIn */ = {
			isa = XCSwiftPackageProductDependency;
			package = B9B3962C2E0AB4E600083777 /* XCRemoteSwiftPackageReference "GoogleSignIn-iOS" */;
			productName = GoogleSignIn;
		};
		B9B3962F2E0AB4E600083777 /* GoogleSignInSwift */ = {
			isa = XCSwiftPackageProductDependency;
			package = B9B3962C2E0AB4E600083777 /* XCRemoteSwiftPackageReference "GoogleSignIn-iOS" */;
			productName = GoogleSignInSwift;
		};
/* End XCSwiftPackageProductDependency section */
	};
	rootObject = B987DBE12E0807DB0064509D /* Project object */;
}
